
Microsoft Visual Studio Solution File, Format Version 12.00
# Visual Studio Version 17
VisualStudioVersion = 17.10.34804.81
MinimumVisualStudioVersion = 10.0.40219.1
Project("{2150E333-8FDC-42A3-9474-1A3956D46DE8}") = "Solution Items", "Solution Items", "{3F0CB670-3CE6-4BDA-99E9-65CCFEA79BFE}"
	ProjectSection(SolutionItems) = preProject
		daemons.txt = daemons.txt
		db.txt = db.txt
		helpMe.txt = helpMe.txt
		linux setup.txt = linux setup.txt
		ml metrix.txt = ml metrix.txt
		webScrapperTelegram.js = webScrapperTelegram.js
		windows service.txt = windows service.txt
	EndProjectSection
EndProject
Project("{9A19103F-16F7-4668-BE54-9A1E7A4F7556}") = "Shared", "src\Shared\Shared.csproj", "{31F62D14-23AB-4D47-A6C6-81958DB02925}"
EndProject
Project("{9A19103F-16F7-4668-BE54-9A1E7A4F7556}") = "WorkerServiceCryptoFilter", "src\WorkerServiceCryptoFilter\WorkerServiceCryptoFilter.csproj", "{82469012-F9DB-4390-9D90-FADB6FE759A8}"
EndProject
Project("{9A19103F-16F7-4668-BE54-9A1E7A4F7556}") = "BlazorApp", "src\BlazorApp\BlazorApp.csproj", "{42EF1A7C-0054-4F1B-954C-4AE99BD51F7A}"
EndProject
Project("{9A19103F-16F7-4668-BE54-9A1E7A4F7556}") = "WorkerServiceRead", "src\WorkerServiceRead\WorkerServiceRead.csproj", "{AE760688-BAFC-40D3-9A07-1C3EE5A62B5C}"
EndProject
Project("{9A19103F-16F7-4668-BE54-9A1E7A4F7556}") = "Console", "src\Console\Console.csproj", "{ED9B0E9F-A59A-49C9-A976-9918A5B950B5}"
EndProject
Project("{9A19103F-16F7-4668-BE54-9A1E7A4F7556}") = "WorkerServiceProcess2", "src\WorkerServiceProcess2\WorkerServiceProcess2.csproj", "{D0E5B86A-4D9B-45D2-BC9E-D64E05707003}"
EndProject
Project("{9A19103F-16F7-4668-BE54-9A1E7A4F7556}") = "WorkerServiceAi", "src\WorkerServiceAi\WorkerServiceAi.csproj", "{E714CB88-7F2F-4954-98F2-4E11C0BF0AEE}"
EndProject
Project("{9A19103F-16F7-4668-BE54-9A1E7A4F7556}") = "GyosaScrapperFromTelegram", "src\GyosaScrapperFromTelegram\GyosaScrapperFromTelegram.csproj", "{79C70ACA-0016-47F3-8AD2-8E71386CCA30}"
EndProject
Project("{2150E333-8FDC-42A3-9474-1A3956D46DE8}") = "eth", "eth", "{98DCB412-3671-4EAE-BDF6-C55DC89C67C8}"
EndProject
Project("{9A19103F-16F7-4668-BE54-9A1E7A4F7556}") = "ws_eth_findTokens", "src\eth\ws_eth_findTokens\ws_eth_findTokens.csproj", "{05CB0B71-E051-4FD5-8A9E-CA3336BEB4C9}"
EndProject
Project("{9A19103F-16F7-4668-BE54-9A1E7A4F7556}") = "api_alchemy", "src\api_alchemy\api_alchemy.csproj", "{47441E53-893C-4DE4-9D62-A7C757FE4115}"
EndProject
Project("{9A19103F-16F7-4668-BE54-9A1E7A4F7556}") = "Data", "src\Data\Data.csproj", "{DF544BF2-D3A4-4F94-ACD3-5A59BCB62A87}"
EndProject
Project("{9A19103F-16F7-4668-BE54-9A1E7A4F7556}") = "eth_shared", "src\eth\eth_shared\eth_shared.csproj", "{C155B49E-DA89-475D-9AF8-EA4A7D17B08D}"
EndProject
Project("{9A19103F-16F7-4668-BE54-9A1E7A4F7556}") = "nethereum", "src\nethereum\nethereum.csproj", "{9AE16E22-02DE-4B7E-AA51-31ED3B07AB82}"
EndProject
Project("{9A19103F-16F7-4668-BE54-9A1E7A4F7556}") = "etherscan", "src\eth\etherscan\etherscan.csproj", "{4FF14FE1-9B63-48FC-9F15-61CF22616BEF}"
EndProject
Project("{9A19103F-16F7-4668-BE54-9A1E7A4F7556}") = "tlgrmApi", "src\eth\tlgrmApi\tlgrmApi.csproj", "{45340CF2-26A2-4AE3-9FB4-0988CC171AD8}"
EndProject
Project("{9A19103F-16F7-4668-BE54-9A1E7A4F7556}") = "api_tokenSniffer", "src\api_tokenSniffer\api_tokenSniffer.csproj", "{6AAA9BEC-C219-4592-9C01-D1CDAF9C9D7F}"
EndProject
Project("{9A19103F-16F7-4668-BE54-9A1E7A4F7556}") = "ws_eth_5mins", "src\eth\ws_eth_5mins\ws_eth_5mins.csproj", "{290ED28C-2074-41CA-A565-A1700C1E57FF}"
EndProject
Project("{9A19103F-16F7-4668-BE54-9A1E7A4F7556}") = "ws_eth_dev", "src\eth\ws_eth_dev\ws_eth_dev.csproj", "{77B7E3F8-0601-41A9-AEE3-788E696AB32E}"
EndProject
Project("{2150E333-8FDC-42A3-9474-1A3956D46DE8}") = "v3", "v3", "{9F11798A-F4A3-4D2D-8CBA-4C15D4709721}"
EndProject
Project("{9A19103F-16F7-4668-BE54-9A1E7A4F7556}") = "ws_eth_v3", "src\v3\ws_eth_v3\ws_eth_v3.csproj", "{977FB9F0-9743-41F8-8B23-D451718E858D}"
EndProject
Project("{FAE04EC0-301F-11D3-BF4B-00C04F79EFBC}") = "processors", "src\v3\processors\processors.csproj", "{C99F437C-C8BC-46A0-99D4-B31A1F614F9E}"
EndProject
Project("{FAE04EC0-301F-11D3-BF4B-00C04F79EFBC}") = "rpc", "src\v3\rpc\rpc.csproj", "{C79F32F5-DF94-40BF-ADA1-44B976051765}"
EndProject
Project("{FAE04EC0-301F-11D3-BF4B-00C04F79EFBC}") = "scopedService", "src\v3\scopedService\scopedService.csproj", "{4B38A65A-5F62-447F-AB5A-CA93E602C88E}"
EndProject
Project("{FAE04EC0-301F-11D3-BF4B-00C04F79EFBC}") = "telegram", "src\v3\telegram\telegram.csproj", "{4EC2FF42-7C8A-434C-A7EB-046211A0BE04}"
EndProject
Project("{FAE04EC0-301F-11D3-BF4B-00C04F79EFBC}") = "shared", "src\v3\shared\shared.csproj", "{8D498F32-BF2B-45E5-BB6D-F42CFC389113}"
EndProject
Project("{2150E333-8FDC-42A3-9474-1A3956D46DE8}") = "f#", "f#", "{4D15BB46-A689-41B9-A8B0-012832AF5F81}"
EndProject
Project("{F2A71F9B-5D33-465A-A702-920D77279786}") = "shared", "src\f#\shared\shared.fsproj", "{2E2DF0C7-80B0-4F31-AEB9-8A8E7E8487CE}"
EndProject
Project("{2150E333-8FDC-42A3-9474-1A3956D46DE8}") = "eth", "eth", "{EE3A914E-2F2C-428B-B9C8-9E1293E2B990}"
EndProject
Project("{2150E333-8FDC-42A3-9474-1A3956D46DE8}") = "base", "base", "{5DF0C901-5861-41C4-9B0F-2E2DE505F39A}"
EndProject
Project("{2150E333-8FDC-42A3-9474-1A3956D46DE8}") = "solana", "solana", "{AA7BF15C-6586-4679-8365-B7736DF17245}"
EndProject
Project("{2150E333-8FDC-42A3-9474-1A3956D46DE8}") = "tron", "tron", "{EA458F07-1E7A-42B6-B846-4758AFD65FE8}"
EndProject
Project("{2150E333-8FDC-42A3-9474-1A3956D46DE8}") = "apiClients", "apiClients", "{E0FC902C-D5FD-42AF-8595-9A76A30FEFF6}"
EndProject
Project("{2150E333-8FDC-42A3-9474-1A3956D46DE8}") = "rpc", "rpc", "{6A131978-1A0D-474D-812E-91643A07E044}"
EndProject
Project("{2150E333-8FDC-42A3-9474-1A3956D46DE8}") = "scan", "scan", "{3920A20A-B351-4A86-B666-7FED48722A3B}"
EndProject
Project("{F2A71F9B-5D33-465A-A702-920D77279786}") = "alchemy", "src\f#\apiClients\rpc\alchemy\alchemy.fsproj", "{0BA3E3BE-1BEB-4203-8AAD-1E9220E91D15}"
EndProject
Project("{F2A71F9B-5D33-465A-A702-920D77279786}") = "wsSwaps", "src\f#\eth\wsSwaps\wsSwaps.fsproj", "{DAB5238F-4C17-4211-AEBE-25D1641FA0BC}"
EndProject
Project("{FAE04EC0-301F-11D3-BF4B-00C04F79EFBC}") = "dbMigration", "src\f#\eth\dbMigration\dbMigration.csproj", "{46388E5E-C5FE-4B7E-8E9B-50DFA898B1EF}"
EndProject
Project("{FAE04EC0-301F-11D3-BF4B-00C04F79EFBC}") = "apiWebBrowserParser", "src\v3\apiWebBrowserParser\apiWebBrowserParser.csproj", "{DD65EEE4-C27A-4C13-9DCA-39031F60A130}"
EndProject
Project("{F2A71F9B-5D33-465A-A702-920D77279786}") = "wsSwaps", "src\f#\base\wsSwaps\wsSwaps.fsproj", "{F7C460B7-A4ED-43AE-A2F5-4A3B34952AFD}"
EndProject
Project("{F2A71F9B-5D33-465A-A702-920D77279786}") = "wsSwaps", "src\f#\solana\wsSwaps\wsSwaps.fsproj", "{A3316939-CD18-4792-8D89-A405263543EC}"
EndProject
Project("{FAE04EC0-301F-11D3-BF4B-00C04F79EFBC}") = "dbMigration", "src\f#\base\dbMigration\dbMigration.csproj", "{7B79A437-4380-48A6-89E5-8DD2F6101BA6}"
EndProject
Global
	GlobalSection(SolutionConfigurationPlatforms) = preSolution
		Debug|Any CPU = Debug|Any CPU
		Release|Any CPU = Release|Any CPU
	EndGlobalSection
	GlobalSection(ProjectConfigurationPlatforms) = postSolution
		{31F62D14-23AB-4D47-A6C6-81958DB02925}.Debug|Any CPU.ActiveCfg = Debug|Any CPU
		{31F62D14-23AB-4D47-A6C6-81958DB02925}.Debug|Any CPU.Build.0 = Debug|Any CPU
		{31F62D14-23AB-4D47-A6C6-81958DB02925}.Release|Any CPU.ActiveCfg = Release|Any CPU
		{31F62D14-23AB-4D47-A6C6-81958DB02925}.Release|Any CPU.Build.0 = Release|Any CPU
		{82469012-F9DB-4390-9D90-FADB6FE759A8}.Debug|Any CPU.ActiveCfg = Debug|Any CPU
		{82469012-F9DB-4390-9D90-FADB6FE759A8}.Debug|Any CPU.Build.0 = Debug|Any CPU
		{82469012-F9DB-4390-9D90-FADB6FE759A8}.Release|Any CPU.ActiveCfg = Release|Any CPU
		{82469012-F9DB-4390-9D90-FADB6FE759A8}.Release|Any CPU.Build.0 = Release|Any CPU
		{42EF1A7C-0054-4F1B-954C-4AE99BD51F7A}.Debug|Any CPU.ActiveCfg = Debug|Any CPU
		{42EF1A7C-0054-4F1B-954C-4AE99BD51F7A}.Debug|Any CPU.Build.0 = Debug|Any CPU
		{42EF1A7C-0054-4F1B-954C-4AE99BD51F7A}.Release|Any CPU.ActiveCfg = Release|Any CPU
		{42EF1A7C-0054-4F1B-954C-4AE99BD51F7A}.Release|Any CPU.Build.0 = Release|Any CPU
		{AE760688-BAFC-40D3-9A07-1C3EE5A62B5C}.Debug|Any CPU.ActiveCfg = Debug|Any CPU
		{AE760688-BAFC-40D3-9A07-1C3EE5A62B5C}.Debug|Any CPU.Build.0 = Debug|Any CPU
		{AE760688-BAFC-40D3-9A07-1C3EE5A62B5C}.Release|Any CPU.ActiveCfg = Release|Any CPU
		{AE760688-BAFC-40D3-9A07-1C3EE5A62B5C}.Release|Any CPU.Build.0 = Release|Any CPU
		{ED9B0E9F-A59A-49C9-A976-9918A5B950B5}.Debug|Any CPU.ActiveCfg = Debug|Any CPU
		{ED9B0E9F-A59A-49C9-A976-9918A5B950B5}.Debug|Any CPU.Build.0 = Debug|Any CPU
		{ED9B0E9F-A59A-49C9-A976-9918A5B950B5}.Release|Any CPU.ActiveCfg = Release|Any CPU
		{ED9B0E9F-A59A-49C9-A976-9918A5B950B5}.Release|Any CPU.Build.0 = Release|Any CPU
		{D0E5B86A-4D9B-45D2-BC9E-D64E05707003}.Debug|Any CPU.ActiveCfg = Debug|Any CPU
		{D0E5B86A-4D9B-45D2-BC9E-D64E05707003}.Debug|Any CPU.Build.0 = Debug|Any CPU
		{D0E5B86A-4D9B-45D2-BC9E-D64E05707003}.Release|Any CPU.ActiveCfg = Release|Any CPU
		{D0E5B86A-4D9B-45D2-BC9E-D64E05707003}.Release|Any CPU.Build.0 = Release|Any CPU
		{E714CB88-7F2F-4954-98F2-4E11C0BF0AEE}.Debug|Any CPU.ActiveCfg = Debug|Any CPU
		{E714CB88-7F2F-4954-98F2-4E11C0BF0AEE}.Debug|Any CPU.Build.0 = Debug|Any CPU
		{E714CB88-7F2F-4954-98F2-4E11C0BF0AEE}.Release|Any CPU.ActiveCfg = Release|Any CPU
		{E714CB88-7F2F-4954-98F2-4E11C0BF0AEE}.Release|Any CPU.Build.0 = Release|Any CPU
		{79C70ACA-0016-47F3-8AD2-8E71386CCA30}.Debug|Any CPU.ActiveCfg = Debug|Any CPU
		{79C70ACA-0016-47F3-8AD2-8E71386CCA30}.Debug|Any CPU.Build.0 = Debug|Any CPU
		{79C70ACA-0016-47F3-8AD2-8E71386CCA30}.Release|Any CPU.ActiveCfg = Release|Any CPU
		{79C70ACA-0016-47F3-8AD2-8E71386CCA30}.Release|Any CPU.Build.0 = Release|Any CPU
		{05CB0B71-E051-4FD5-8A9E-CA3336BEB4C9}.Debug|Any CPU.ActiveCfg = Debug|Any CPU
		{05CB0B71-E051-4FD5-8A9E-CA3336BEB4C9}.Debug|Any CPU.Build.0 = Debug|Any CPU
		{05CB0B71-E051-4FD5-8A9E-CA3336BEB4C9}.Release|Any CPU.ActiveCfg = Release|Any CPU
		{05CB0B71-E051-4FD5-8A9E-CA3336BEB4C9}.Release|Any CPU.Build.0 = Release|Any CPU
		{47441E53-893C-4DE4-9D62-A7C757FE4115}.Debug|Any CPU.ActiveCfg = Debug|Any CPU
		{47441E53-893C-4DE4-9D62-A7C757FE4115}.Debug|Any CPU.Build.0 = Debug|Any CPU
		{47441E53-893C-4DE4-9D62-A7C757FE4115}.Release|Any CPU.ActiveCfg = Release|Any CPU
		{47441E53-893C-4DE4-9D62-A7C757FE4115}.Release|Any CPU.Build.0 = Release|Any CPU
		{DF544BF2-D3A4-4F94-ACD3-5A59BCB62A87}.Debug|Any CPU.ActiveCfg = Debug|Any CPU
		{DF544BF2-D3A4-4F94-ACD3-5A59BCB62A87}.Debug|Any CPU.Build.0 = Debug|Any CPU
		{DF544BF2-D3A4-4F94-ACD3-5A59BCB62A87}.Release|Any CPU.ActiveCfg = Release|Any CPU
		{DF544BF2-D3A4-4F94-ACD3-5A59BCB62A87}.Release|Any CPU.Build.0 = Release|Any CPU
		{C155B49E-DA89-475D-9AF8-EA4A7D17B08D}.Debug|Any CPU.ActiveCfg = Debug|Any CPU
		{C155B49E-DA89-475D-9AF8-EA4A7D17B08D}.Debug|Any CPU.Build.0 = Debug|Any CPU
		{C155B49E-DA89-475D-9AF8-EA4A7D17B08D}.Release|Any CPU.ActiveCfg = Release|Any CPU
		{C155B49E-DA89-475D-9AF8-EA4A7D17B08D}.Release|Any CPU.Build.0 = Release|Any CPU
		{9AE16E22-02DE-4B7E-AA51-31ED3B07AB82}.Debug|Any CPU.ActiveCfg = Debug|Any CPU
		{9AE16E22-02DE-4B7E-AA51-31ED3B07AB82}.Debug|Any CPU.Build.0 = Debug|Any CPU
		{9AE16E22-02DE-4B7E-AA51-31ED3B07AB82}.Release|Any CPU.ActiveCfg = Release|Any CPU
		{9AE16E22-02DE-4B7E-AA51-31ED3B07AB82}.Release|Any CPU.Build.0 = Release|Any CPU
		{4FF14FE1-9B63-48FC-9F15-61CF22616BEF}.Debug|Any CPU.ActiveCfg = Debug|Any CPU
		{4FF14FE1-9B63-48FC-9F15-61CF22616BEF}.Debug|Any CPU.Build.0 = Debug|Any CPU
		{4FF14FE1-9B63-48FC-9F15-61CF22616BEF}.Release|Any CPU.ActiveCfg = Release|Any CPU
		{4FF14FE1-9B63-48FC-9F15-61CF22616BEF}.Release|Any CPU.Build.0 = Release|Any CPU
		{45340CF2-26A2-4AE3-9FB4-0988CC171AD8}.Debug|Any CPU.ActiveCfg = Debug|Any CPU
		{45340CF2-26A2-4AE3-9FB4-0988CC171AD8}.Debug|Any CPU.Build.0 = Debug|Any CPU
		{45340CF2-26A2-4AE3-9FB4-0988CC171AD8}.Release|Any CPU.ActiveCfg = Release|Any CPU
		{45340CF2-26A2-4AE3-9FB4-0988CC171AD8}.Release|Any CPU.Build.0 = Release|Any CPU
		{6AAA9BEC-C219-4592-9C01-D1CDAF9C9D7F}.Debug|Any CPU.ActiveCfg = Debug|Any CPU
		{6AAA9BEC-C219-4592-9C01-D1CDAF9C9D7F}.Debug|Any CPU.Build.0 = Debug|Any CPU
		{6AAA9BEC-C219-4592-9C01-D1CDAF9C9D7F}.Release|Any CPU.ActiveCfg = Release|Any CPU
		{6AAA9BEC-C219-4592-9C01-D1CDAF9C9D7F}.Release|Any CPU.Build.0 = Release|Any CPU
		{290ED28C-2074-41CA-A565-A1700C1E57FF}.Debug|Any CPU.ActiveCfg = Debug|Any CPU
		{290ED28C-2074-41CA-A565-A1700C1E57FF}.Debug|Any CPU.Build.0 = Debug|Any CPU
		{290ED28C-2074-41CA-A565-A1700C1E57FF}.Release|Any CPU.ActiveCfg = Release|Any CPU
		{290ED28C-2074-41CA-A565-A1700C1E57FF}.Release|Any CPU.Build.0 = Release|Any CPU
		{77B7E3F8-0601-41A9-AEE3-788E696AB32E}.Debug|Any CPU.ActiveCfg = Debug|Any CPU
		{77B7E3F8-0601-41A9-AEE3-788E696AB32E}.Debug|Any CPU.Build.0 = Debug|Any CPU
		{77B7E3F8-0601-41A9-AEE3-788E696AB32E}.Release|Any CPU.ActiveCfg = Release|Any CPU
		{77B7E3F8-0601-41A9-AEE3-788E696AB32E}.Release|Any CPU.Build.0 = Release|Any CPU
		{977FB9F0-9743-41F8-8B23-D451718E858D}.Debug|Any CPU.ActiveCfg = Debug|Any CPU
		{977FB9F0-9743-41F8-8B23-D451718E858D}.Debug|Any CPU.Build.0 = Debug|Any CPU
		{977FB9F0-9743-41F8-8B23-D451718E858D}.Release|Any CPU.ActiveCfg = Release|Any CPU
		{977FB9F0-9743-41F8-8B23-D451718E858D}.Release|Any CPU.Build.0 = Release|Any CPU
		{C99F437C-C8BC-46A0-99D4-B31A1F614F9E}.Debug|Any CPU.ActiveCfg = Debug|Any CPU
		{C99F437C-C8BC-46A0-99D4-B31A1F614F9E}.Debug|Any CPU.Build.0 = Debug|Any CPU
		{C99F437C-C8BC-46A0-99D4-B31A1F614F9E}.Release|Any CPU.ActiveCfg = Release|Any CPU
		{C99F437C-C8BC-46A0-99D4-B31A1F614F9E}.Release|Any CPU.Build.0 = Release|Any CPU
		{C79F32F5-DF94-40BF-ADA1-44B976051765}.Debug|Any CPU.ActiveCfg = Debug|Any CPU
		{C79F32F5-DF94-40BF-ADA1-44B976051765}.Debug|Any CPU.Build.0 = Debug|Any CPU
		{C79F32F5-DF94-40BF-ADA1-44B976051765}.Release|Any CPU.ActiveCfg = Release|Any CPU
		{C79F32F5-DF94-40BF-ADA1-44B976051765}.Release|Any CPU.Build.0 = Release|Any CPU
		{4B38A65A-5F62-447F-AB5A-CA93E602C88E}.Debug|Any CPU.ActiveCfg = Debug|Any CPU
		{4B38A65A-5F62-447F-AB5A-CA93E602C88E}.Debug|Any CPU.Build.0 = Debug|Any CPU
		{4B38A65A-5F62-447F-AB5A-CA93E602C88E}.Release|Any CPU.ActiveCfg = Release|Any CPU
		{4B38A65A-5F62-447F-AB5A-CA93E602C88E}.Release|Any CPU.Build.0 = Release|Any CPU
		{4EC2FF42-7C8A-434C-A7EB-046211A0BE04}.Debug|Any CPU.ActiveCfg = Debug|Any CPU
		{4EC2FF42-7C8A-434C-A7EB-046211A0BE04}.Debug|Any CPU.Build.0 = Debug|Any CPU
		{4EC2FF42-7C8A-434C-A7EB-046211A0BE04}.Release|Any CPU.ActiveCfg = Release|Any CPU
		{4EC2FF42-7C8A-434C-A7EB-046211A0BE04}.Release|Any CPU.Build.0 = Release|Any CPU
		{8D498F32-BF2B-45E5-BB6D-F42CFC389113}.Debug|Any CPU.ActiveCfg = Debug|Any CPU
		{8D498F32-BF2B-45E5-BB6D-F42CFC389113}.Debug|Any CPU.Build.0 = Debug|Any CPU
		{8D498F32-BF2B-45E5-BB6D-F42CFC389113}.Release|Any CPU.ActiveCfg = Release|Any CPU
		{8D498F32-BF2B-45E5-BB6D-F42CFC389113}.Release|Any CPU.Build.0 = Release|Any CPU
		{2E2DF0C7-80B0-4F31-AEB9-8A8E7E8487CE}.Debug|Any CPU.ActiveCfg = Debug|Any CPU
		{2E2DF0C7-80B0-4F31-AEB9-8A8E7E8487CE}.Debug|Any CPU.Build.0 = Debug|Any CPU
		{2E2DF0C7-80B0-4F31-AEB9-8A8E7E8487CE}.Release|Any CPU.ActiveCfg = Release|Any CPU
		{2E2DF0C7-80B0-4F31-AEB9-8A8E7E8487CE}.Release|Any CPU.Build.0 = Release|Any CPU
		{0BA3E3BE-1BEB-4203-8AAD-1E9220E91D15}.Debug|Any CPU.ActiveCfg = Debug|Any CPU
		{0BA3E3BE-1BEB-4203-8AAD-1E9220E91D15}.Debug|Any CPU.Build.0 = Debug|Any CPU
		{0BA3E3BE-1BEB-4203-8AAD-1E9220E91D15}.Release|Any CPU.ActiveCfg = Release|Any CPU
		{0BA3E3BE-1BEB-4203-8AAD-1E9220E91D15}.Release|Any CPU.Build.0 = Release|Any CPU
		{DAB5238F-4C17-4211-AEBE-25D1641FA0BC}.Debug|Any CPU.ActiveCfg = Debug|Any CPU
		{DAB5238F-4C17-4211-AEBE-25D1641FA0BC}.Debug|Any CPU.Build.0 = Debug|Any CPU
		{DAB5238F-4C17-4211-AEBE-25D1641FA0BC}.Release|Any CPU.ActiveCfg = Release|Any CPU
		{DAB5238F-4C17-4211-AEBE-25D1641FA0BC}.Release|Any CPU.Build.0 = Release|Any CPU
		{46388E5E-C5FE-4B7E-8E9B-50DFA898B1EF}.Debug|Any CPU.ActiveCfg = Debug|Any CPU
		{46388E5E-C5FE-4B7E-8E9B-50DFA898B1EF}.Debug|Any CPU.Build.0 = Debug|Any CPU
		{46388E5E-C5FE-4B7E-8E9B-50DFA898B1EF}.Release|Any CPU.ActiveCfg = Release|Any CPU
		{46388E5E-C5FE-4B7E-8E9B-50DFA898B1EF}.Release|Any CPU.Build.0 = Release|Any CPU
		{DD65EEE4-C27A-4C13-9DCA-39031F60A130}.Debug|Any CPU.ActiveCfg = Debug|Any CPU
		{DD65EEE4-C27A-4C13-9DCA-39031F60A130}.Debug|Any CPU.Build.0 = Debug|Any CPU
		{DD65EEE4-C27A-4C13-9DCA-39031F60A130}.Release|Any CPU.ActiveCfg = Release|Any CPU
		{DD65EEE4-C27A-4C13-9DCA-39031F60A130}.Release|Any CPU.Build.0 = Release|Any CPU
		{F7C460B7-A4ED-43AE-A2F5-4A3B34952AFD}.Debug|Any CPU.ActiveCfg = Debug|Any CPU
		{F7C460B7-A4ED-43AE-A2F5-4A3B34952AFD}.Debug|Any CPU.Build.0 = Debug|Any CPU
		{F7C460B7-A4ED-43AE-A2F5-4A3B34952AFD}.Release|Any CPU.ActiveCfg = Release|Any CPU
		{F7C460B7-A4ED-43AE-A2F5-4A3B34952AFD}.Release|Any CPU.Build.0 = Release|Any CPU
		{A3316939-CD18-4792-8D89-A405263543EC}.Debug|Any CPU.ActiveCfg = Debug|Any CPU
		{A3316939-CD18-4792-8D89-A405263543EC}.Debug|Any CPU.Build.0 = Debug|Any CPU
		{A3316939-CD18-4792-8D89-A405263543EC}.Release|Any CPU.ActiveCfg = Release|Any CPU
		{A3316939-CD18-4792-8D89-A405263543EC}.Release|Any CPU.Build.0 = Release|Any CPU
		{7B79A437-4380-48A6-89E5-8DD2F6101BA6}.Debug|Any CPU.ActiveCfg = Debug|Any CPU
		{7B79A437-4380-48A6-89E5-8DD2F6101BA6}.Debug|Any CPU.Build.0 = Debug|Any CPU
		{7B79A437-4380-48A6-89E5-8DD2F6101BA6}.Release|Any CPU.ActiveCfg = Release|Any CPU
		{7B79A437-4380-48A6-89E5-8DD2F6101BA6}.Release|Any CPU.Build.0 = Release|Any CPU
	EndGlobalSection
	GlobalSection(SolutionProperties) = preSolution
		HideSolutionNode = FALSE
	EndGlobalSection
	GlobalSection(NestedProjects) = preSolution
		{05CB0B71-E051-4FD5-8A9E-CA3336BEB4C9} = {98DCB412-3671-4EAE-BDF6-C55DC89C67C8}
		{C155B49E-DA89-475D-9AF8-EA4A7D17B08D} = {98DCB412-3671-4EAE-BDF6-C55DC89C67C8}
		{4FF14FE1-9B63-48FC-9F15-61CF22616BEF} = {98DCB412-3671-4EAE-BDF6-C55DC89C67C8}
		{45340CF2-26A2-4AE3-9FB4-0988CC171AD8} = {98DCB412-3671-4EAE-BDF6-C55DC89C67C8}
		{290ED28C-2074-41CA-A565-A1700C1E57FF} = {98DCB412-3671-4EAE-BDF6-C55DC89C67C8}
		{77B7E3F8-0601-41A9-AEE3-788E696AB32E} = {98DCB412-3671-4EAE-BDF6-C55DC89C67C8}
		{977FB9F0-9743-41F8-8B23-D451718E858D} = {9F11798A-F4A3-4D2D-8CBA-4C15D4709721}
		{C99F437C-C8BC-46A0-99D4-B31A1F614F9E} = {9F11798A-F4A3-4D2D-8CBA-4C15D4709721}
		{C79F32F5-DF94-40BF-ADA1-44B976051765} = {9F11798A-F4A3-4D2D-8CBA-4C15D4709721}
		{4B38A65A-5F62-447F-AB5A-CA93E602C88E} = {9F11798A-F4A3-4D2D-8CBA-4C15D4709721}
		{4EC2FF42-7C8A-434C-A7EB-046211A0BE04} = {9F11798A-F4A3-4D2D-8CBA-4C15D4709721}
		{8D498F32-BF2B-45E5-BB6D-F42CFC389113} = {9F11798A-F4A3-4D2D-8CBA-4C15D4709721}
		{2E2DF0C7-80B0-4F31-AEB9-8A8E7E8487CE} = {4D15BB46-A689-41B9-A8B0-012832AF5F81}
		{EE3A914E-2F2C-428B-B9C8-9E1293E2B990} = {4D15BB46-A689-41B9-A8B0-012832AF5F81}
		{5DF0C901-5861-41C4-9B0F-2E2DE505F39A} = {4D15BB46-A689-41B9-A8B0-012832AF5F81}
		{AA7BF15C-6586-4679-8365-B7736DF17245} = {4D15BB46-A689-41B9-A8B0-012832AF5F81}
		{EA458F07-1E7A-42B6-B846-4758AFD65FE8} = {4D15BB46-A689-41B9-A8B0-012832AF5F81}
		{E0FC902C-D5FD-42AF-8595-9A76A30FEFF6} = {4D15BB46-A689-41B9-A8B0-012832AF5F81}
		{6A131978-1A0D-474D-812E-91643A07E044} = {E0FC902C-D5FD-42AF-8595-9A76A30FEFF6}
		{3920A20A-B351-4A86-B666-7FED48722A3B} = {E0FC902C-D5FD-42AF-8595-9A76A30FEFF6}
		{0BA3E3BE-1BEB-4203-8AAD-1E9220E91D15} = {6A131978-1A0D-474D-812E-91643A07E044}
		{DAB5238F-4C17-4211-AEBE-25D1641FA0BC} = {EE3A914E-2F2C-428B-B9C8-9E1293E2B990}
		{46388E5E-C5FE-4B7E-8E9B-50DFA898B1EF} = {EE3A914E-2F2C-428B-B9C8-9E1293E2B990}
		{DD65EEE4-C27A-4C13-9DCA-39031F60A130} = {9F11798A-F4A3-4D2D-8CBA-4C15D4709721}
		{F7C460B7-A4ED-43AE-A2F5-4A3B34952AFD} = {5DF0C901-5861-41C4-9B0F-2E2DE505F39A}
		{A3316939-CD18-4792-8D89-A405263543EC} = {AA7BF15C-6586-4679-8365-B7736DF17245}
		{7B79A437-4380-48A6-89E5-8DD2F6101BA6} = {5DF0C901-5861-41C4-9B0F-2E2DE505F39A}
	EndGlobalSection
	GlobalSection(ExtensibilityGlobals) = postSolution
		SolutionGuid = {D54AC4D8-ED12-40CF-BD73-23C6CD5E0CF1}
	EndGlobalSection
EndGlobal
