
Microsoft Visual Studio Solution File, Format Version 12.00
# Visual Studio Version 17
VisualStudioVersion = 17.10.34804.81
MinimumVisualStudioVersion = 10.0.40219.1
Project("{2150E333-8FDC-42A3-9474-1A3956D46DE8}") = "Solution Items", "Solution Items", "{3F0CB670-3CE6-4BDA-99E9-65CCFEA79BFE}"
	ProjectSection(SolutionItems) = preProject
		daemons.txt = daemons.txt
		helpMe.txt = helpMe.txt
		linux setup.txt = linux setup.txt
		ml metrix.txt = ml metrix.txt
	EndProjectSection
EndProject
Project("{9A19103F-16F7-4668-BE54-9A1E7A4F7556}") = "Shared", "src\Shared\Shared.csproj", "{31F62D14-23AB-4D47-A6C6-81958DB02925}"
EndProject
Project("{9A19103F-16F7-4668-BE54-9A1E7A4F7556}") = "WorkerServiceCryptoFilter", "src\WorkerServiceCryptoFilter\WorkerServiceCryptoFilter.csproj", "{82469012-F9DB-4390-9D90-FADB6FE759A8}"
EndProject
Project("{9A19103F-16F7-4668-BE54-9A1E7A4F7556}") = "BlazorApp", "src\BlazorApp\BlazorApp.csproj", "{42EF1A7C-0054-4F1B-954C-4AE99BD51F7A}"
EndProject
Project("{9A19103F-16F7-4668-BE54-9A1E7A4F7556}") = "WorkerServiceRead", "src\WorkerServiceRead\WorkerServiceRead.csproj", "{AE760688-BAFC-40D3-9A07-1C3EE5A62B5C}"
EndProject
Project("{9A19103F-16F7-4668-BE54-9A1E7A4F7556}") = "Console", "src\Console\Console.csproj", "{ED9B0E9F-A59A-49C9-A976-9918A5B950B5}"
EndProject
Project("{9A19103F-16F7-4668-BE54-9A1E7A4F7556}") = "WorkerServiceProcess2", "src\WorkerServiceProcess2\WorkerServiceProcess2.csproj", "{D0E5B86A-4D9B-45D2-BC9E-D64E05707003}"
EndProject
Project("{9A19103F-16F7-4668-BE54-9A1E7A4F7556}") = "WorkerServiceAi", "src\WorkerServiceAi\WorkerServiceAi.csproj", "{E714CB88-7F2F-4954-98F2-4E11C0BF0AEE}"
EndProject
Project("{9A19103F-16F7-4668-BE54-9A1E7A4F7556}") = "GyosaScrapperFromTelegram", "src\GyosaScrapperFromTelegram\GyosaScrapperFromTelegram.csproj", "{79C70ACA-0016-47F3-8AD2-8E71386CCA30}"
EndProject
Project("{2150E333-8FDC-42A3-9474-1A3956D46DE8}") = "eth", "eth", "{98DCB412-3671-4EAE-BDF6-C55DC89C67C8}"
EndProject
Project("{FAE04EC0-301F-11D3-BF4B-00C04F79EFBC}") = "ws_eth_findTokens", "src\eth\ws_eth_findTokens\ws_eth_findTokens.csproj", "{05CB0B71-E051-4FD5-8A9E-CA3336BEB4C9}"
EndProject
Project("{FAE04EC0-301F-11D3-BF4B-00C04F79EFBC}") = "api_alchemy", "src\api_alchemy\api_alchemy.csproj", "{47441E53-893C-4DE4-9D62-A7C757FE4115}"
EndProject
Global
	GlobalSection(SolutionConfigurationPlatforms) = preSolution
		Debug|Any CPU = Debug|Any CPU
		Release|Any CPU = Release|Any CPU
	EndGlobalSection
	GlobalSection(ProjectConfigurationPlatforms) = postSolution
		{31F62D14-23AB-4D47-A6C6-81958DB02925}.Debug|Any CPU.ActiveCfg = Debug|Any CPU
		{31F62D14-23AB-4D47-A6C6-81958DB02925}.Debug|Any CPU.Build.0 = Debug|Any CPU
		{31F62D14-23AB-4D47-A6C6-81958DB02925}.Release|Any CPU.ActiveCfg = Release|Any CPU
		{31F62D14-23AB-4D47-A6C6-81958DB02925}.Release|Any CPU.Build.0 = Release|Any CPU
		{82469012-F9DB-4390-9D90-FADB6FE759A8}.Debug|Any CPU.ActiveCfg = Debug|Any CPU
		{82469012-F9DB-4390-9D90-FADB6FE759A8}.Debug|Any CPU.Build.0 = Debug|Any CPU
		{82469012-F9DB-4390-9D90-FADB6FE759A8}.Release|Any CPU.ActiveCfg = Release|Any CPU
		{82469012-F9DB-4390-9D90-FADB6FE759A8}.Release|Any CPU.Build.0 = Release|Any CPU
		{42EF1A7C-0054-4F1B-954C-4AE99BD51F7A}.Debug|Any CPU.ActiveCfg = Debug|Any CPU
		{42EF1A7C-0054-4F1B-954C-4AE99BD51F7A}.Debug|Any CPU.Build.0 = Debug|Any CPU
		{42EF1A7C-0054-4F1B-954C-4AE99BD51F7A}.Release|Any CPU.ActiveCfg = Release|Any CPU
		{42EF1A7C-0054-4F1B-954C-4AE99BD51F7A}.Release|Any CPU.Build.0 = Release|Any CPU
		{AE760688-BAFC-40D3-9A07-1C3EE5A62B5C}.Debug|Any CPU.ActiveCfg = Debug|Any CPU
		{AE760688-BAFC-40D3-9A07-1C3EE5A62B5C}.Debug|Any CPU.Build.0 = Debug|Any CPU
		{AE760688-BAFC-40D3-9A07-1C3EE5A62B5C}.Release|Any CPU.ActiveCfg = Release|Any CPU
		{AE760688-BAFC-40D3-9A07-1C3EE5A62B5C}.Release|Any CPU.Build.0 = Release|Any CPU
		{ED9B0E9F-A59A-49C9-A976-9918A5B950B5}.Debug|Any CPU.ActiveCfg = Debug|Any CPU
		{ED9B0E9F-A59A-49C9-A976-9918A5B950B5}.Debug|Any CPU.Build.0 = Debug|Any CPU
		{ED9B0E9F-A59A-49C9-A976-9918A5B950B5}.Release|Any CPU.ActiveCfg = Release|Any CPU
		{ED9B0E9F-A59A-49C9-A976-9918A5B950B5}.Release|Any CPU.Build.0 = Release|Any CPU
		{D0E5B86A-4D9B-45D2-BC9E-D64E05707003}.Debug|Any CPU.ActiveCfg = Debug|Any CPU
		{D0E5B86A-4D9B-45D2-BC9E-D64E05707003}.Debug|Any CPU.Build.0 = Debug|Any CPU
		{D0E5B86A-4D9B-45D2-BC9E-D64E05707003}.Release|Any CPU.ActiveCfg = Release|Any CPU
		{D0E5B86A-4D9B-45D2-BC9E-D64E05707003}.Release|Any CPU.Build.0 = Release|Any CPU
		{E714CB88-7F2F-4954-98F2-4E11C0BF0AEE}.Debug|Any CPU.ActiveCfg = Debug|Any CPU
		{E714CB88-7F2F-4954-98F2-4E11C0BF0AEE}.Debug|Any CPU.Build.0 = Debug|Any CPU
		{E714CB88-7F2F-4954-98F2-4E11C0BF0AEE}.Release|Any CPU.ActiveCfg = Release|Any CPU
		{E714CB88-7F2F-4954-98F2-4E11C0BF0AEE}.Release|Any CPU.Build.0 = Release|Any CPU
		{79C70ACA-0016-47F3-8AD2-8E71386CCA30}.Debug|Any CPU.ActiveCfg = Debug|Any CPU
		{79C70ACA-0016-47F3-8AD2-8E71386CCA30}.Debug|Any CPU.Build.0 = Debug|Any CPU
		{79C70ACA-0016-47F3-8AD2-8E71386CCA30}.Release|Any CPU.ActiveCfg = Release|Any CPU
		{79C70ACA-0016-47F3-8AD2-8E71386CCA30}.Release|Any CPU.Build.0 = Release|Any CPU
		{05CB0B71-E051-4FD5-8A9E-CA3336BEB4C9}.Debug|Any CPU.ActiveCfg = Debug|Any CPU
		{05CB0B71-E051-4FD5-8A9E-CA3336BEB4C9}.Debug|Any CPU.Build.0 = Debug|Any CPU
		{05CB0B71-E051-4FD5-8A9E-CA3336BEB4C9}.Release|Any CPU.ActiveCfg = Release|Any CPU
		{05CB0B71-E051-4FD5-8A9E-CA3336BEB4C9}.Release|Any CPU.Build.0 = Release|Any CPU
		{47441E53-893C-4DE4-9D62-A7C757FE4115}.Debug|Any CPU.ActiveCfg = Debug|Any CPU
		{47441E53-893C-4DE4-9D62-A7C757FE4115}.Debug|Any CPU.Build.0 = Debug|Any CPU
		{47441E53-893C-4DE4-9D62-A7C757FE4115}.Release|Any CPU.ActiveCfg = Release|Any CPU
		{47441E53-893C-4DE4-9D62-A7C757FE4115}.Release|Any CPU.Build.0 = Release|Any CPU
	EndGlobalSection
	GlobalSection(SolutionProperties) = preSolution
		HideSolutionNode = FALSE
	EndGlobalSection
	GlobalSection(NestedProjects) = preSolution
		{05CB0B71-E051-4FD5-8A9E-CA3336BEB4C9} = {98DCB412-3671-4EAE-BDF6-C55DC89C67C8}
	EndGlobalSection
	GlobalSection(ExtensibilityGlobals) = postSolution
		SolutionGuid = {D54AC4D8-ED12-40CF-BD73-23C6CD5E0CF1}
	EndGlobalSection
EndGlobal
